
Microsoft Visual Studio Solution File, Format Version 12.00
# Visual Studio 2017
Project("{FAE04EC0-301F-11D3-BF4B-00C04F79EFBC}") = "TUIO-Test", "TUIO-Test.csproj", "{317AA53B-4312-855B-5FD6-6050DA23F392}"
EndProject
Project("{FAE04EC0-301F-11D3-BF4B-00C04F79EFBC}") = "TUIO-Test.Editor", "TUIO-Test.Editor.csproj", "{07F33380-3802-1B23-3B77-40977BFE6861}"
EndProject
Global
	GlobalSection(SolutionConfigurationPlatforms) = preSolution
		Debug|Any CPU = Debug|Any CPU
		Release|Any CPU = Release|Any CPU
	EndGlobalSection
	GlobalSection(ProjectConfigurationPlatforms) = postSolution
		{317AA53B-4312-855B-5FD6-6050DA23F392}.Debug|Any CPU.ActiveCfg = Debug|Any CPU
		{317AA53B-4312-855B-5FD6-6050DA23F392}.Debug|Any CPU.Build.0 = Debug|Any CPU
		{317AA53B-4312-855B-5FD6-6050DA23F392}.Release|Any CPU.ActiveCfg = Release|Any CPU
		{317AA53B-4312-855B-5FD6-6050DA23F392}.Release|Any CPU.Build.0 = Release|Any CPU
		{07F33380-3802-1B23-3B77-40977BFE6861}.Debug|Any CPU.ActiveCfg = Debug|Any CPU
		{07F33380-3802-1B23-3B77-40977BFE6861}.Debug|Any CPU.Build.0 = Debug|Any CPU
		{07F33380-3802-1B23-3B77-40977BFE6861}.Release|Any CPU.ActiveCfg = Release|Any CPU
		{07F33380-3802-1B23-3B77-40977BFE6861}.Release|Any CPU.Build.0 = Release|Any CPU
	EndGlobalSection
	GlobalSection(SolutionProperties) = preSolution
		HideSolutionNode = FALSE
	EndGlobalSection
EndGlobal
