
Microsoft Visual Studio Solution File, Format Version 11.00
# Visual Studio 2010
Project("{FAE04EC0-301F-11D3-BF4B-00C04F79EFBC}") = "TUIO-Test", "Assembly-CSharp.csproj", "{6F06D512-2F66-52C9-23E3-4F3BD5A48EA5}"
EndProject
Project("{FAE04EC0-301F-11D3-BF4B-00C04F79EFBC}") = "TUIO-Test", "Assembly-CSharp-Editor.csproj", "{C6E1C2CD-A9FB-65B1-2455-D6FACC2C40C1}"
EndProject
Global
	GlobalSection(SolutionConfigurationPlatforms) = preSolution
		Debug|Any CPU = Debug|Any CPU
		Release|Any CPU = Release|Any CPU
	EndGlobalSection
	GlobalSection(ProjectConfigurationPlatforms) = postSolution
		{6F06D512-2F66-52C9-23E3-4F3BD5A48EA5}.Debug|Any CPU.ActiveCfg = Debug|Any CPU
		{6F06D512-2F66-52C9-23E3-4F3BD5A48EA5}.Debug|Any CPU.Build.0 = Debug|Any CPU
		{6F06D512-2F66-52C9-23E3-4F3BD5A48EA5}.Release|Any CPU.ActiveCfg = Release|Any CPU
		{6F06D512-2F66-52C9-23E3-4F3BD5A48EA5}.Release|Any CPU.Build.0 = Release|Any CPU
		{C6E1C2CD-A9FB-65B1-2455-D6FACC2C40C1}.Debug|Any CPU.ActiveCfg = Debug|Any CPU
		{C6E1C2CD-A9FB-65B1-2455-D6FACC2C40C1}.Debug|Any CPU.Build.0 = Debug|Any CPU
		{C6E1C2CD-A9FB-65B1-2455-D6FACC2C40C1}.Release|Any CPU.ActiveCfg = Release|Any CPU
		{C6E1C2CD-A9FB-65B1-2455-D6FACC2C40C1}.Release|Any CPU.Build.0 = Release|Any CPU
	EndGlobalSection
	GlobalSection(SolutionProperties) = preSolution
		HideSolutionNode = FALSE
	EndGlobalSection
	GlobalSection(MonoDevelopProperties) = preSolution
		StartupItem = Assembly-CSharp.csproj
	EndGlobalSection
EndGlobal
